{
  "version": 1,
  "dependencies": {
    "net7.0-windows7.0": {
      "AngleSharp": {
        "type": "Direct",
        "requested": "[1.0.4, )",
        "resolved": "1.0.4",
        "contentHash": "G8R4C2MEDFQvjUbYz1QIcGfibjsTJnzP0aWy8iQgWWk7eKacYydCNGD3JMhVL0Q5pZQ9RYlqpKNESEU5NpqsRw==",
        "dependencies": {
          "System.Text.Encoding.CodePages": "7.0.0"
        }
      },
      "DalamudPackager": {
        "type": "Direct",
        "requested": "[2.1.12, )",
        "resolved": "2.1.12",
        "contentHash": "Sc0PVxvgg4NQjcI8n10/VfUQBAS4O+Fw2pZrAqBdRMbthYGeogzu5+xmIGCGmsEZ/ukMOBuAqiNiB5qA3MRalg=="
      },
      "Nager.PublicSuffix": {
        "type": "Direct",
        "requested": "[2.4.0, )",
        "resolved": "2.4.0",
        "contentHash": "eRlS+m5cVqN4Lmg0cJaL+ClBf6gURL6hDax8fmPanMjBS/8VtGqUeuxBbonBR6sq4dvkQo04oUYuS0v4NZhHXw=="
      },
      "System.Text.Encoding.CodePages": {
        "type": "Transitive",
        "resolved": "7.0.0",
        "contentHash": "LSyCblMpvOe0N3E+8e0skHcrIhgV2huaNcjUUEa8hRtgEAm36aGkRoC8Jxlb6Ra6GSfF29ftduPNywin8XolzQ=="
      }
    }
  }
}