{
  "version": 1,
  "dependencies": {
    "net6.0-windows7.0": {
      "AngleSharp": {
        "type": "Direct",
        "requested": "[1.0.0-alpha-844, )",
        "resolved": "1.0.0-alpha-844",
        "contentHash": "gQ/S3ZClscQJvFpyc8pRa75cRDMolqJ1TjIrRii9REPwI8w4hVGPM9Bdx+ONBnj56HFmCUAzLKSi+KUIFohXjA==",
        "dependencies": {
          "System.Text.Encoding.CodePages": "4.5.0"
        }
      },
      "DalamudPackager": {
        "type": "Direct",
        "requested": "[2.1.7, )",
        "resolved": "2.1.7",
        "contentHash": "jnZ/sdInyn07ycuWI+pPOtP/xE3v+c4+jYJfDt36FWnBF9NKqkpzfviJtPl/jGLgbaCmFIXu+Yid0N8GvdKefg=="
      },
      "Nager.PublicSuffix": {
        "type": "Direct",
        "requested": "[2.4.0, )",
        "resolved": "2.4.0",
        "contentHash": "eRlS+m5cVqN4Lmg0cJaL+ClBf6gURL6hDax8fmPanMjBS/8VtGqUeuxBbonBR6sq4dvkQo04oUYuS0v4NZhHXw=="
      },
      "Microsoft.NETCore.Platforms": {
        "type": "Transitive",
        "resolved": "2.0.0",
        "contentHash": "VdLJOCXhZaEMY7Hm2GKiULmn7IEPFE4XC5LPSfBVCUIA8YLZVh846gtfBJalsPQF2PlzdD7ecX7DZEulJ402ZQ=="
      },
      "System.Runtime.CompilerServices.Unsafe": {
        "type": "Transitive",
        "resolved": "4.5.0",
        "contentHash": "YrzNWduCDHhUaSRBxHxL11UkM2fD6y8hITHis4/LbQZ6vj3vdRjoH3IoPWWC9uDXK2wHIqn+b5gv1Np/VKyM1g=="
      },
      "System.Text.Encoding.CodePages": {
        "type": "Transitive",
        "resolved": "4.5.0",
        "contentHash": "S0wEUiKcLvRlkFUXca8uio1UQ5bYQzYgOmOKtCqaBQC3GR9AJjh43otcM32IGsAyvadFTaAMw9Irm6dS4Evfng==",
        "dependencies": {
          "Microsoft.NETCore.Platforms": "2.0.0",
          "System.Runtime.CompilerServices.Unsafe": "4.5.0"
        }
      }
    }
  }
}